<?xml version="1.0" encoding="utf-8"?>
<Project ToolsVersion="4.0" xmlns="http://schemas.microsoft.com/developer/msbuild/2003">
  <ItemGroup>
    <Filter Include="Quelldateien">
      <UniqueIdentifier>{4FC737F1-C7A5-4376-A066-2A32D752A2FF}</UniqueIdentifier>
      <Extensions>cpp;c;cc;cxx;def;odl;idl;hpj;bat;asm;asmx</Extensions>
    </Filter>
    <Filter Include="Headerdateien">
      <UniqueIdentifier>{93995380-89BD-4b04-88EB-625FBE52EBFB}</UniqueIdentifier>
      <Extensions>h;hh;hpp;hxx;hm;inl;inc;xsd</Extensions>
    </Filter>
    <Filter Include="Ressourcendateien">
      <UniqueIdentifier>{67DA6AB6-F800-4c08-8B7A-83BB121AAD01}</UniqueIdentifier>
      <Extensions>rc;ico;cur;bmp;dlg;rc2;rct;bin;rgs;gif;jpg;jpeg;jpe;resx;tiff;tif;png;wav;mfcribbon-ms</Extensions>
    </Filter>
    <Filter Include="Headerdateien\ext">
      <UniqueIdentifier>{287f088a-832e-4333-990e-4d3cb5bc03b0}</UniqueIdentifier>
    </Filter>
    <Filter Include="Headerdateien\ext\freetype">
      <UniqueIdentifier>{9601a0d1-78bf-4bef-bc96-288a18ee5d17}</UniqueIdentifier>
    </Filter>
    <Filter Include="Quelldateien\ext">
      <UniqueIdentifier>{fff3d8c6-0c26-4799-9fe8-ab2f310f842c}</UniqueIdentifier>
    </Filter>
    <Filter Include="Quelldateien\ext\freetype">
      <UniqueIdentifier>{37cc8f0a-6240-46e3-a908-7443bcb0d434}</UniqueIdentifier>
    </Filter>
    <Filter Include="Quelldateien\ext\freetype\FT_MODULES">
      <UniqueIdentifier>{f3612032-238a-41b7-8a83-6343af6461dc}</UniqueIdentifier>
    </Filter>
    <Filter Include="Headerdateien\ext\freetype-gl">
      <UniqueIdentifier>{16e98eeb-d4b0-48af-b17f-395a7fec6d45}</UniqueIdentifier>
    </Filter>
    <Filter Include="Quelldateien\ext\freetype-gl">
      <UniqueIdentifier>{2ac9743c-af98-4366-a783-00f9a19f4761}</UniqueIdentifier>
    </Filter>
    <Filter Include="Headerdateien\graphics">
      <UniqueIdentifier>{d60e310c-afc1-40d2-9801-66bbcabd2c2f}</UniqueIdentifier>
    </Filter>
    <Filter Include="Headerdateien\maths">
      <UniqueIdentifier>{d176ba6e-61fd-4bf0-86c3-67897b5c9e2a}</UniqueIdentifier>
    </Filter>
    <Filter Include="Headerdateien\utils">
      <UniqueIdentifier>{620b045d-c5e7-43ff-ba5d-5de9d622bbed}</UniqueIdentifier>
    </Filter>
    <Filter Include="Headerdateien\input">
      <UniqueIdentifier>{4533829b-fa38-4840-a064-728aabebc40d}</UniqueIdentifier>
    </Filter>
    <Filter Include="Headerdateien\graphics\buffers">
      <UniqueIdentifier>{77710e68-7fc2-4638-b4f5-3487955bcea5}</UniqueIdentifier>
    </Filter>
    <Filter Include="Headerdateien\graphics\layers">
      <UniqueIdentifier>{770fa708-0382-413f-a2cf-8e921823bebb}</UniqueIdentifier>
    </Filter>
    <Filter Include="Headerdateien\graphics\renderables">
      <UniqueIdentifier>{4f7e45f5-23ea-418c-858b-be903355a52d}</UniqueIdentifier>
    </Filter>
    <Filter Include="Quelldateien\graphics">
      <UniqueIdentifier>{3a67d965-63eb-4343-9290-4a449490c467}</UniqueIdentifier>
    </Filter>
    <Filter Include="Quelldateien\maths">
      <UniqueIdentifier>{6fc560ae-e6e0-4c2c-91e2-6799d1c9c9de}</UniqueIdentifier>
    </Filter>
    <Filter Include="Quelldateien\input">
      <UniqueIdentifier>{9ba31d83-a28e-4102-98a0-2ca1618ab35f}</UniqueIdentifier>
    </Filter>
    <Filter Include="Quelldateien\utils">
      <UniqueIdentifier>{8b3b97b9-7f0a-467c-b68c-cb97698599be}</UniqueIdentifier>
    </Filter>
    <Filter Include="Quelldateien\graphics\buffers">
      <UniqueIdentifier>{ccc2c8d7-d010-4a53-90b0-cd8db9d29059}</UniqueIdentifier>
    </Filter>
    <Filter Include="Quelldateien\graphics\layers">
      <UniqueIdentifier>{c2445041-218e-4e35-9cb2-6a58a67a41d5}</UniqueIdentifier>
    </Filter>
    <Filter Include="Quelldateien\graphics\renderables">
      <UniqueIdentifier>{2ecc7f1c-0951-40af-9238-4b1d1033bdef}</UniqueIdentifier>
    </Filter>
    <Filter Include="Shaders">
      <UniqueIdentifier>{44ada5b0-a9ab-47ee-973e-916d1b4bc787}</UniqueIdentifier>
    </Filter>
    <Filter Include="Headerdateien\ext\gorilla-audio">
      <UniqueIdentifier>{f8752068-4b49-4bfc-93eb-c0225b3730b9}</UniqueIdentifier>
    </Filter>
    <Filter Include="Quelldateien\ext\gorilla-audio">
      <UniqueIdentifier>{54fbcbb8-0dae-4b28-ab0b-b68f7378a471}</UniqueIdentifier>
    </Filter>
    <Filter Include="Quelldateien\audio">
      <UniqueIdentifier>{62e73b10-1108-4376-aa9d-4dfe2442d06e}</UniqueIdentifier>
    </Filter>
    <Filter Include="Headerdateien\audio">
      <UniqueIdentifier>{6c8d614b-a1ad-4b94-a8a4-79e5903c7e5b}</UniqueIdentifier>
    </Filter>
  </ItemGroup>
  <ItemGroup>
    <ClCompile Include="ext\freetype\src\autofit\autofit.c">
      <Filter>Quelldateien\ext\freetype</Filter>
    </ClCompile>
    <ClCompile Include="ext\freetype\src\bdf\bdf.c">
      <Filter>Quelldateien\ext\freetype</Filter>
    </ClCompile>
    <ClCompile Include="ext\freetype\src\cff\cff.c">
      <Filter>Quelldateien\ext\freetype</Filter>
    </ClCompile>
    <ClCompile Include="ext\freetype\src\base\ftbase.c">
      <Filter>Quelldateien\ext\freetype</Filter>
    </ClCompile>
    <ClCompile Include="ext\freetype\src\base\ftbitmap.c">
      <Filter>Quelldateien\ext\freetype</Filter>
    </ClCompile>
    <ClCompile Include="ext\freetype\src\cache\ftcache.c">
      <Filter>Quelldateien\ext\freetype</Filter>
    </ClCompile>
    <ClCompile Include="ext\freetype\src\base\ftdebug.c">
      <Filter>Quelldateien\ext\freetype</Filter>
    </ClCompile>
    <ClCompile Include="ext\freetype\src\base\ftfstype.c">
      <Filter>Quelldateien\ext\freetype</Filter>
    </ClCompile>
    <ClCompile Include="ext\freetype\src\base\ftgasp.c">
      <Filter>Quelldateien\ext\freetype</Filter>
    </ClCompile>
    <ClCompile Include="ext\freetype\src\base\ftglyph.c">
      <Filter>Quelldateien\ext\freetype</Filter>
    </ClCompile>
    <ClCompile Include="ext\freetype\src\gzip\ftgzip.c">
      <Filter>Quelldateien\ext\freetype</Filter>
    </ClCompile>
    <ClCompile Include="ext\freetype\src\base\ftinit.c">
      <Filter>Quelldateien\ext\freetype</Filter>
    </ClCompile>
    <ClCompile Include="ext\freetype\src\lzw\ftlzw.c">
      <Filter>Quelldateien\ext\freetype</Filter>
    </ClCompile>
    <ClCompile Include="ext\freetype\src\base\ftstroke.c">
      <Filter>Quelldateien\ext\freetype</Filter>
    </ClCompile>
    <ClCompile Include="ext\freetype\src\base\ftsystem.c">
      <Filter>Quelldateien\ext\freetype</Filter>
    </ClCompile>
    <ClCompile Include="ext\freetype\src\smooth\smooth.c">
      <Filter>Quelldateien\ext\freetype</Filter>
    </ClCompile>
    <ClCompile Include="ext\freetype\src\base\ftbbox.c">
      <Filter>Quelldateien\ext\freetype\FT_MODULES</Filter>
    </ClCompile>
    <ClCompile Include="ext\freetype\src\base\ftgxval.c">
      <Filter>Quelldateien\ext\freetype\FT_MODULES</Filter>
    </ClCompile>
    <ClCompile Include="ext\freetype\src\base\ftlcdfil.c">
      <Filter>Quelldateien\ext\freetype\FT_MODULES</Filter>
    </ClCompile>
    <ClCompile Include="ext\freetype\src\base\ftmm.c">
      <Filter>Quelldateien\ext\freetype\FT_MODULES</Filter>
    </ClCompile>
    <ClCompile Include="ext\freetype\src\base\ftotval.c">
      <Filter>Quelldateien\ext\freetype\FT_MODULES</Filter>
    </ClCompile>
    <ClCompile Include="ext\freetype\src\base\ftpatent.c">
      <Filter>Quelldateien\ext\freetype\FT_MODULES</Filter>
    </ClCompile>
    <ClCompile Include="ext\freetype\src\base\ftpfr.c">
      <Filter>Quelldateien\ext\freetype\FT_MODULES</Filter>
    </ClCompile>
    <ClCompile Include="ext\freetype\src\base\ftsynth.c">
      <Filter>Quelldateien\ext\freetype\FT_MODULES</Filter>
    </ClCompile>
    <ClCompile Include="ext\freetype\src\base\fttype1.c">
      <Filter>Quelldateien\ext\freetype\FT_MODULES</Filter>
    </ClCompile>
    <ClCompile Include="ext\freetype\src\base\ftwinfnt.c">
      <Filter>Quelldateien\ext\freetype\FT_MODULES</Filter>
    </ClCompile>
    <ClCompile Include="ext\freetype\src\base\ftxf86.c">
      <Filter>Quelldateien\ext\freetype\FT_MODULES</Filter>
    </ClCompile>
    <ClCompile Include="ext\freetype\src\pcf\pcf.c">
      <Filter>Quelldateien\ext\freetype\FT_MODULES</Filter>
    </ClCompile>
    <ClCompile Include="ext\freetype\src\pfr\pfr.c">
      <Filter>Quelldateien\ext\freetype\FT_MODULES</Filter>
    </ClCompile>
    <ClCompile Include="ext\freetype\src\psaux\psaux.c">
      <Filter>Quelldateien\ext\freetype\FT_MODULES</Filter>
    </ClCompile>
    <ClCompile Include="ext\freetype\src\pshinter\pshinter.c">
      <Filter>Quelldateien\ext\freetype\FT_MODULES</Filter>
    </ClCompile>
    <ClCompile Include="ext\freetype\src\psnames\psmodule.c">
      <Filter>Quelldateien\ext\freetype\FT_MODULES</Filter>
    </ClCompile>
    <ClCompile Include="ext\freetype\src\raster\raster.c">
      <Filter>Quelldateien\ext\freetype\FT_MODULES</Filter>
    </ClCompile>
    <ClCompile Include="ext\freetype\src\sfnt\sfnt.c">
      <Filter>Quelldateien\ext\freetype\FT_MODULES</Filter>
    </ClCompile>
    <ClCompile Include="ext\freetype\src\truetype\truetype.c">
      <Filter>Quelldateien\ext\freetype\FT_MODULES</Filter>
    </ClCompile>
    <ClCompile Include="ext\freetype\src\type1\type1.c">
      <Filter>Quelldateien\ext\freetype\FT_MODULES</Filter>
    </ClCompile>
    <ClCompile Include="ext\freetype\src\cid\type1cid.c">
      <Filter>Quelldateien\ext\freetype\FT_MODULES</Filter>
    </ClCompile>
    <ClCompile Include="ext\freetype\src\type42\type42.c">
      <Filter>Quelldateien\ext\freetype\FT_MODULES</Filter>
    </ClCompile>
    <ClCompile Include="ext\freetype\src\winfonts\winfnt.c">
      <Filter>Quelldateien\ext\freetype\FT_MODULES</Filter>
    </ClCompile>
    <ClCompile Include="ext\freetype-gl\platform.c">
      <Filter>Quelldateien\ext\freetype-gl</Filter>
    </ClCompile>
    <ClCompile Include="ext\freetype-gl\texture-atlas.c">
      <Filter>Quelldateien\ext\freetype-gl</Filter>
    </ClCompile>
    <ClCompile Include="ext\freetype-gl\texture-font.c">
      <Filter>Quelldateien\ext\freetype-gl</Filter>
    </ClCompile>
    <ClCompile Include="ext\freetype-gl\vector.c">
      <Filter>Quelldateien\ext\freetype-gl</Filter>
    </ClCompile>
    <ClCompile Include="src\graphics\buffers\buffer.cpp">
      <Filter>Quelldateien\graphics\buffers</Filter>
    </ClCompile>
    <ClCompile Include="src\graphics\layers\group.cpp">
      <Filter>Quelldateien\graphics\renderables</Filter>
    </ClCompile>
    <ClCompile Include="src\graphics\buffers\indexbuffer.cpp">
      <Filter>Quelldateien\graphics\buffers</Filter>
    </ClCompile>
    <ClCompile Include="src\input\input.cpp">
      <Filter>Quelldateien\input</Filter>
    </ClCompile>
    <ClCompile Include="src\graphics\label.cpp">
      <Filter>Quelldateien\graphics\renderables</Filter>
    </ClCompile>
    <ClCompile Include="src\graphics\layers\layer.cpp">
      <Filter>Quelldateien\graphics\layers</Filter>
    </ClCompile>
    <ClCompile Include="src\maths\mat4.cpp">
      <Filter>Quelldateien\maths</Filter>
    </ClCompile>
    <ClCompile Include="src\maths\vec2.cpp">
      <Filter>Quelldateien\maths</Filter>
    </ClCompile>
    <ClCompile Include="src\maths\vec3.cpp">
      <Filter>Quelldateien\maths</Filter>
    </ClCompile>
    <ClCompile Include="src\maths\vec4.cpp">
      <Filter>Quelldateien\maths</Filter>
    </ClCompile>
    <ClCompile Include="src\graphics\sprite.cpp">
      <Filter>Quelldateien\graphics\renderables</Filter>
    </ClCompile>
    <ClCompile Include="src\graphics\shader.cpp">
      <Filter>Quelldateien\graphics</Filter>
    </ClCompile>
    <ClCompile Include="src\graphics\BatchRenderer2D.cpp">
      <Filter>Quelldateien\graphics</Filter>
    </ClCompile>
    <ClCompile Include="src\graphics\texture.cpp">
      <Filter>Quelldateien\graphics</Filter>
    </ClCompile>
    <ClCompile Include="src\graphics\buffers\vertexarray.cpp">
      <Filter>Quelldateien\graphics\buffers</Filter>
    </ClCompile>
    <ClCompile Include="src\graphics\window.cpp">
      <Filter>Quelldateien\graphics</Filter>
    </ClCompile>
    <ClCompile Include="src\graphics\font.cpp">
      <Filter>Quelldateien\graphics</Filter>
    </ClCompile>
    <ClCompile Include="src\graphics\fontmanager.cpp">
      <Filter>Quelldateien\graphics</Filter>
    </ClCompile>
    <ClCompile Include="ext\gorilla-audio\ga.c">
      <Filter>Quelldateien\ext\gorilla-audio</Filter>
    </ClCompile>
    <ClCompile Include="ext\gorilla-audio\devices\ga_openal.c">
      <Filter>Quelldateien\ext\gorilla-audio</Filter>
    </ClCompile>
    <ClCompile Include="ext\gorilla-audio\ga_stream.c">
      <Filter>Quelldateien\ext\gorilla-audio</Filter>
    </ClCompile>
    <ClCompile Include="ext\gorilla-audio\gau.c">
      <Filter>Quelldateien\ext\gorilla-audio</Filter>
    </ClCompile>
    <ClCompile Include="ext\gorilla-audio\common\gc_common.c">
      <Filter>Quelldateien\ext\gorilla-audio</Filter>
    </ClCompile>
    <ClCompile Include="ext\gorilla-audio\common\gc_thread.c">
      <Filter>Quelldateien\ext\gorilla-audio</Filter>
    </ClCompile>
    <ClCompile Include="src\audio\audioclip.cpp">
      <Filter>Quelldateien\audio</Filter>
    </ClCompile>
    <ClCompile Include="src\audio\audiomanager.cpp">
      <Filter>Quelldateien\audio</Filter>
    </ClCompile>
    <ClCompile Include="examples\Layout.cpp">
      <Filter>Quelldateien</Filter>
    </ClCompile>
  </ItemGroup>
  <ItemGroup>
    <ClInclude Include="ext\freetype\Include\ft2build.h">
      <Filter>Headerdateien\ext\freetype</Filter>
    </ClInclude>
    <ClInclude Include="ext\freetype\Include\config\ftconfig.h">
      <Filter>Headerdateien\ext\freetype</Filter>
    </ClInclude>
    <ClInclude Include="ext\freetype\Include\config\ftheader.h">
      <Filter>Headerdateien\ext\freetype</Filter>
    </ClInclude>
    <ClInclude Include="ext\freetype\Include\config\ftmodule.h">
      <Filter>Headerdateien\ext\freetype</Filter>
    </ClInclude>
    <ClInclude Include="ext\freetype\Include\config\ftoption.h">
      <Filter>Headerdateien\ext\freetype</Filter>
    </ClInclude>
    <ClInclude Include="ext\freetype\Include\config\ftstdlib.h">
      <Filter>Headerdateien\ext\freetype</Filter>
    </ClInclude>
    <ClInclude Include="ext\freetype-gl\freetype-gl.h">
      <Filter>Headerdateien\ext\freetype-gl</Filter>
    </ClInclude>
    <ClInclude Include="ext\freetype-gl\opengl.h">
      <Filter>Headerdateien\ext\freetype-gl</Filter>
    </ClInclude>
    <ClInclude Include="ext\freetype-gl\platform.h">
      <Filter>Headerdateien\ext\freetype-gl</Filter>
    </ClInclude>
    <ClInclude Include="ext\freetype-gl\texture-atlas.h">
      <Filter>Headerdateien\ext\freetype-gl</Filter>
    </ClInclude>
    <ClInclude Include="ext\freetype-gl\texture-font.h">
      <Filter>Headerdateien\ext\freetype-gl</Filter>
    </ClInclude>
    <ClInclude Include="ext\freetype-gl\vector.h">
      <Filter>Headerdateien\ext\freetype-gl</Filter>
    </ClInclude>
    <ClInclude Include="ext\freetype-gl\vec234.h">
      <Filter>Headerdateien\ext\freetype-gl</Filter>
    </ClInclude>
    <ClInclude Include="src\graphics\BatchRenderer2D.h">
      <Filter>Headerdateien\graphics</Filter>
    </ClInclude>
    <ClInclude Include="src\graphics\renderer2d.h">
      <Filter>Headerdateien\graphics</Filter>
    </ClInclude>
    <ClInclude Include="src\graphics\shader.h">
      <Filter>Headerdateien\graphics</Filter>
    </ClInclude>
    <ClInclude Include="src\graphics\texture.h">
      <Filter>Headerdateien\graphics</Filter>
    </ClInclude>
    <ClInclude Include="src\graphics\window.h">
      <Filter>Headerdateien\graphics</Filter>
    </ClInclude>
    <ClInclude Include="src\maths\mat4.h">
      <Filter>Headerdateien\maths</Filter>
    </ClInclude>
    <ClInclude Include="src\maths\maths.h">
      <Filter>Headerdateien\maths</Filter>
    </ClInclude>
    <ClInclude Include="src\maths\maths_func.h">
      <Filter>Headerdateien\maths</Filter>
    </ClInclude>
    <ClInclude Include="src\maths\vec2.h">
      <Filter>Headerdateien\maths</Filter>
    </ClInclude>
    <ClInclude Include="src\maths\vec3.h">
      <Filter>Headerdateien\maths</Filter>
    </ClInclude>
    <ClInclude Include="src\maths\vec4.h">
      <Filter>Headerdateien\maths</Filter>
    </ClInclude>
    <ClInclude Include="src\input\input.h">
      <Filter>Headerdateien\input</Filter>
    </ClInclude>
    <ClInclude Include="src\utils\fileutils.h">
      <Filter>Headerdateien\utils</Filter>
    </ClInclude>
    <ClInclude Include="src\utils\imageloader.h">
      <Filter>Headerdateien\utils</Filter>
    </ClInclude>
    <ClInclude Include="src\utils\timer.h">
      <Filter>Headerdateien\utils</Filter>
    </ClInclude>
    <ClInclude Include="src\graphics\buffers\buffer.h">
      <Filter>Headerdateien\graphics\buffers</Filter>
    </ClInclude>
    <ClInclude Include="src\graphics\buffers\indexbuffer.h">
      <Filter>Headerdateien\graphics\buffers</Filter>
    </ClInclude>
    <ClInclude Include="src\graphics\layers\group.h">
      <Filter>Headerdateien\graphics\renderables</Filter>
    </ClInclude>
    <ClInclude Include="src\graphics\label.h">
      <Filter>Headerdateien\graphics\renderables</Filter>
    </ClInclude>
    <ClInclude Include="src\graphics\Renderable2D.h">
      <Filter>Headerdateien\graphics\renderables</Filter>
    </ClInclude>
    <ClInclude Include="src\graphics\sprite.h">
      <Filter>Headerdateien\graphics\renderables</Filter>
    </ClInclude>
    <ClInclude Include="src\graphics\layers\layer.h">
      <Filter>Headerdateien\graphics\layers</Filter>
    </ClInclude>
    <ClInclude Include="src\graphics\buffers\vertextarray.h">
      <Filter>Headerdateien\graphics\buffers</Filter>
    </ClInclude>
    <ClInclude Include="src\graphics\Model.h">
      <Filter>Headerdateien\graphics\renderables</Filter>
    </ClInclude>
    <ClInclude Include="src\graphics\font.h">
      <Filter>Headerdateien\graphics</Filter>
    </ClInclude>
    <ClInclude Include="src\graphics\fontmanager.h">
      <Filter>Headerdateien\graphics</Filter>
    </ClInclude>
    <ClInclude Include="ext\gorilla-audio\ga.h">
      <Filter>Headerdateien\ext\gorilla-audio</Filter>
    </ClInclude>
    <ClInclude Include="ext\gorilla-audio\ga_internal.h">
      <Filter>Headerdateien\ext\gorilla-audio</Filter>
    </ClInclude>
    <ClInclude Include="ext\gorilla-audio\devices\ga_openal.h">
      <Filter>Headerdateien\ext\gorilla-audio</Filter>
    </ClInclude>
    <ClInclude Include="ext\gorilla-audio\gau.h">
      <Filter>Headerdateien\ext\gorilla-audio</Filter>
    </ClInclude>
    <ClInclude Include="ext\gorilla-audio\common\gc_common.h">
      <Filter>Headerdateien\ext\gorilla-audio</Filter>
    </ClInclude>
    <ClInclude Include="ext\gorilla-audio\common\gc_thread.h">
      <Filter>Headerdateien\ext\gorilla-audio</Filter>
    </ClInclude>
    <ClInclude Include="ext\gorilla-audio\common\gc_types.h">
      <Filter>Headerdateien\ext\gorilla-audio</Filter>
    </ClInclude>
    <ClInclude Include="src\audio\audioclip.h">
      <Filter>Headerdateien\audio</Filter>
    </ClInclude>
    <ClInclude Include="src\audio\audiomanager.h">
      <Filter>Headerdateien\audio</Filter>
    </ClInclude>
    <ClInclude Include="src\clownfish.h">
      <Filter>Headerdateien</Filter>
    </ClInclude>
    <ClInclude Include="src\utils\stringutils.h">
      <Filter>Headerdateien\utils</Filter>
    </ClInclude>
  </ItemGroup>
  <ItemGroup>
    <None Include="src\shaders\basic.frag">
      <Filter>Shaders</Filter>
    </None>
    <None Include="src\shaders\basic.vert">
      <Filter>Shaders</Filter>
    </None>
  </ItemGroup>
</Project>